// !$*UTF8*$!
{
	archiveVersion = 1;
	classes = {
	};
	objectVersion = 77;
	objects = {

/* Begin PBXBuildFile section */
		110ECA4BA2DEE192244063CB /* InboxScreen.swift in Sources */ = {isa = PBXBuildFile; fileRef = 01893B323D7B1ED33931ABF4 /* InboxScreen.swift */; };
		1A6BAD4EC8D5B0B1287B7310 /* Platform.swift in Sources */ = {isa = PBXBuildFile; fileRef = 387456F43DA9DF82BBA20746 /* Platform.swift */; };
		3F8F7EBA0B164E59B3D4EE59 /* Screens.swift in Sources */ = {isa = PBXBuildFile; fileRef = 1FFB7D0E8B0C174A14A09342 /* Screens.swift */; };
		43988BF5F56FC65C4E84C3BE /* SessionStore.swift in Sources */ = {isa = PBXBuildFile; fileRef = 611DBFFC3760E38058334426 /* SessionStore.swift */; };
		4FD33CAD11B81C650D83BC3D /* HRMSApp.swift in Sources */ = {isa = PBXBuildFile; fileRef = A14821A58DFAB6DCC0888F46 /* HRMSApp.swift */; };
		B29BF2FB1C613E639AE16C21 /* TeamScreen.swift in Sources */ = {isa = PBXBuildFile; fileRef = 16EECEA40F77108D12965F7C /* TeamScreen.swift */; };
/* End PBXBuildFile section */

/* Begin PBXFileReference section */
		01893B323D7B1ED33931ABF4 /* InboxScreen.swift */ = {isa = PBXFileReference; lastKnownFileType = sourcecode.swift; path = InboxScreen.swift; sourceTree = "<group>"; };
		16EECEA40F77108D12965F7C /* TeamScreen.swift */ = {isa = PBXFileReference; lastKnownFileType = sourcecode.swift; path = TeamScreen.swift; sourceTree = "<group>"; };
		1FFB7D0E8B0C174A14A09342 /* Screens.swift */ = {isa = PBXFileReference; lastKnownFileType = sourcecode.swift; path = Screens.swift; sourceTree = "<group>"; };
		387456F43DA9DF82BBA20746 /* Platform.swift */ = {isa = PBXFileReference; lastKnownFileType = sourcecode.swift; path = Platform.swift; sourceTree = "<group>"; };
		611DBFFC3760E38058334426 /* SessionStore.swift */ = {isa = PBXFileReference; lastKnownFileType = sourcecode.swift; path = SessionStore.swift; sourceTree = "<group>"; };
		951B4180C2F44636A3826A2A /* Info.plist */ = {isa = PBXFileReference; lastKnownFileType = text.plist; path = Info.plist; sourceTree = "<group>"; };
		9D3D111C7B2390F2B799A06E /* HRMS.app */ = {isa = PBXFileReference; includeInIndex = 0; lastKnownFileType = wrapper.application; path = HRMS.app; sourceTree = BUILT_PRODUCTS_DIR; };
		A14821A58DFAB6DCC0888F46 /* HRMSApp.swift */ = {isa = PBXFileReference; lastKnownFileType = sourcecode.swift; path = HRMSApp.swift; sourceTree = "<group>"; };
/* End PBXFileReference section */

/* Begin PBXGroup section */
		07317E421CF9A2DC2E321195 /* HRMS */ = {
			isa = PBXGroup;
			children = (
				A14821A58DFAB6DCC0888F46 /* HRMSApp.swift */,
				951B4180C2F44636A3826A2A /* Info.plist */,
				7A75E870BA61E1FF431F0614 /* Core */,
				9F8B789345580995F81FBE50 /* Features */,
			);
			path = HRMS;
			sourceTree = "<group>";
		};
		081C885B27CB9D6A025C0BB8 = {
			isa = PBXGroup;
			children = (
				07317E421CF9A2DC2E321195 /* HRMS */,
				DD75ADDD859B9DF35528BD54 /* Products */,
			);
			sourceTree = "<group>";
		};
		7A75E870BA61E1FF431F0614 /* Core */ = {
			isa = PBXGroup;
			children = (
				387456F43DA9DF82BBA20746 /* Platform.swift */,
				611DBFFC3760E38058334426 /* SessionStore.swift */,
			);
			path = Core;
			sourceTree = "<group>";
		};
		9F8B789345580995F81FBE50 /* Features */ = {
			isa = PBXGroup;
			children = (
				01893B323D7B1ED33931ABF4 /* InboxScreen.swift */,
				1FFB7D0E8B0C174A14A09342 /* Screens.swift */,
				16EECEA40F77108D12965F7C /* TeamScreen.swift */,
			);
			path = Features;
			sourceTree = "<group>";
		};
		DD75ADDD859B9DF35528BD54 /* Products */ = {
			isa = PBXGroup;
			children = (
				9D3D111C7B2390F2B799A06E /* HRMS.app */,
			);
			name = Products;
			sourceTree = "<group>";
		};
/* End PBXGroup section */

/* Begin PBXNativeTarget section */
		0EEA6301CA1B399711D9883C /* HRMS */ = {
			isa = PBXNativeTarget;
			buildConfigurationList = F7B6FC8B2E61D616113DAF71 /* Build configuration list for PBXNativeTarget "HRMS" */;
			buildPhases = (
				931BBD09F27C4CAA4D018C1A /* Build shared Kotlin framework */,
				6296764116D4BDE002B5B18D /* Sources */,
			);
			buildRules = (
			);
			dependencies = (
			);
			name = HRMS;
			packageProductDependencies = (
			);
			productName = HRMS;
			productReference = 9D3D111C7B2390F2B799A06E /* HRMS.app */;
			productType = "com.apple.product-type.application";
		};
/* End PBXNativeTarget section */

/* Begin PBXProject section */
		7868CADFFE3CCAAADA5DAF8E /* Project object */ = {
			isa = PBXProject;
			attributes = {
				BuildIndependentTargetsInParallel = YES;
				LastUpgradeCheck = 1430;
				TargetAttributes = {
					0EEA6301CA1B399711D9883C = {
						DevelopmentTeam = Z6RVDK7K4K;
						ProvisioningStyle = Automatic;
					};
				};
			};
			buildConfigurationList = 5B57B99B16A83E88C8028542 /* Build configuration list for PBXProject "HRMS" */;
			developmentRegion = en;
			hasScannedForEncodings = 0;
			knownRegions = (
				Base,
				en,
			);
			mainGroup = 081C885B27CB9D6A025C0BB8;
			minimizedProjectReferenceProxies = 1;
			preferredProjectObjectVersion = 77;
			productRefGroup = DD75ADDD859B9DF35528BD54 /* Products */;
			projectDirPath = "";
			projectRoot = "";
			targets = (
				0EEA6301CA1B399711D9883C /* HRMS */,
			);
		};
/* End PBXProject section */

/* Begin PBXShellScriptBuildPhase section */
		931BBD09F27C4CAA4D018C1A /* Build shared Kotlin framework */ = {
			isa = PBXShellScriptBuildPhase;
			alwaysOutOfDate = 1;
			buildActionMask = 2147483647;
			files = (
			);
			inputFileListPaths = (
			);
			inputPaths = (
			);
			name = "Build shared Kotlin framework";
			outputFileListPaths = (
			);
			outputPaths = (
			);
			runOnlyForDeploymentPostprocessing = 0;
			shellPath = /bin/sh;
			shellScript = "export JAVA_HOME=\"/opt/homebrew/opt/openjdk@21/libexec/openjdk.jdk/Contents/Home\"\nexport PATH=\"$JAVA_HOME/bin:$PATH\"\ncd \"$SRCROOT/..\"\n./gradlew :shared:embedAndSignAppleFrameworkForXcode --no-configuration-cache\n";
		};
/* End PBXShellScriptBuildPhase section */

/* Begin PBXSourcesBuildPhase section */
		6296764116D4BDE002B5B18D /* Sources */ = {
			isa = PBXSourcesBuildPhase;
			buildActionMask = 2147483647;
			files = (
				4FD33CAD11B81C650D83BC3D /* HRMSApp.swift in Sources */,
				110ECA4BA2DEE192244063CB /* InboxScreen.swift in Sources */,
				1A6BAD4EC8D5B0B1287B7310 /* Platform.swift in Sources */,
				3F8F7EBA0B164E59B3D4EE59 /* Screens.swift in Sources */,
				43988BF5F56FC65C4E84C3BE /* SessionStore.swift in Sources */,
				B29BF2FB1C613E639AE16C21 /* TeamScreen.swift in Sources */,
			);
			runOnlyForDeploymentPostprocessing = 0;
		};
/* End PBXSourcesBuildPhase section */

/* Begin XCBuildConfiguration section */
		5ACB928CD5B3EC03F6105771 /* Release */ = {
			isa = XCBuildConfiguration;
			buildSettings = {
				ALWAYS_SEARCH_USER_PATHS = NO;
				CLANG_ANALYZER_NONNULL = YES;
				CLANG_ANALYZER_NUMBER_OBJECT_CONVERSION = YES_AGGRESSIVE;
				CLANG_CXX_LANGUAGE_STANDARD = "gnu++14";
				CLANG_CXX_LIBRARY = "libc++";
				CLANG_ENABLE_MODULES = YES;
				CLANG_ENABLE_OBJC_ARC = YES;
				CLANG_ENABLE_OBJC_WEAK = YES;
				CLANG_WARN_BLOCK_CAPTURE_AUTORELEASING = YES;
				CLANG_WARN_BOOL_CONVERSION = YES;
				CLANG_WARN_COMMA = YES;
				CLANG_WARN_CONSTANT_CONVERSION = YES;
				CLANG_WARN_DEPRECATED_OBJC_IMPLEMENTATIONS = YES;
				CLANG_WARN_DIRECT_OBJC_ISA_USAGE = YES_ERROR;
				CLANG_WARN_DOCUMENTATION_COMMENTS = YES;
				CLANG_WARN_EMPTY_BODY = YES;
				CLANG_WARN_ENUM_CONVERSION = YES;
				CLANG_WARN_INFINITE_RECURSION = YES;
				CLANG_WARN_INT_CONVERSION = YES;
				CLANG_WARN_NON_LITERAL_NULL_CONVERSION = YES;
				CLANG_WARN_OBJC_IMPLICIT_RETAIN_SELF = YES;
				CLANG_WARN_OBJC_LITERAL_CONVERSION = YES;
				CLANG_WARN_OBJC_ROOT_CLASS = YES_ERROR;
				CLANG_WARN_QUOTED_INCLUDE_IN_FRAMEWORK_HEADER = YES;
				CLANG_WARN_RANGE_LOOP_ANALYSIS = YES;
				CLANG_WARN_STRICT_PROTOTYPES = YES;
				CLANG_WARN_SUSPICIOUS_MOVE = YES;
				CLANG_WARN_UNGUARDED_AVAILABILITY = YES_AGGRESSIVE;
				CLANG_WARN_UNREACHABLE_CODE = YES;
				CLANG_WARN__DUPLICATE_METHOD_MATCH = YES;
				COPY_PHASE_STRIP = NO;
				DEBUG_INFORMATION_FORMAT = "dwarf-with-dsym";
				DEVELOPMENT_TEAM = Z6RVDK7K4K;
				ENABLE_NS_ASSERTIONS = NO;
				ENABLE_STRICT_OBJC_MSGSEND = YES;
				ENABLE_USER_SCRIPT_SANDBOXING = NO;
				FRAMEWORK_SEARCH_PATHS = (
					"$(inherited)",
					"$(SRCROOT)/../shared/build/xcode-frameworks/$(CONFIGURATION)/$(SDK_NAME)",
				);
				GCC_C_LANGUAGE_STANDARD = gnu11;
				GCC_NO_COMMON_BLOCKS = YES;
				GCC_WARN_64_TO_32_BIT_CONVERSION = YES;
				GCC_WARN_ABOUT_RETURN_TYPE = YES_ERROR;
				GCC_WARN_UNDECLARED_SELECTOR = YES;
				GCC_WARN_UNINITIALIZED_AUTOS = YES_AGGRESSIVE;
				GCC_WARN_UNUSED_FUNCTION = YES;
				GCC_WARN_UNUSED_VARIABLE = YES;
				IPHONEOS_DEPLOYMENT_TARGET = 17.0;
				MTL_ENABLE_DEBUG_INFO = NO;
				MTL_FAST_MATH = YES;
				PRODUCT_NAME = "$(TARGET_NAME)";
				SDKROOT = iphoneos;
				SWIFT_COMPILATION_MODE = wholemodule;
				SWIFT_OPTIMIZATION_LEVEL = "-O";
				SWIFT_VERSION = 5.9;
			};
			name = Release;
		};
		5D6542C9CF833DD026C0D47E /* Debug */ = {
			isa = XCBuildConfiguration;
			buildSettings = {
				ASSETCATALOG_COMPILER_APPICON_NAME = AppIcon;
				CODE_SIGN_IDENTITY = "iPhone Developer";
				CODE_SIGN_STYLE = Automatic;
				DEVELOPMENT_TEAM = Z6RVDK7K4K;
				HRMS_BASE_URL = "https://hrms.circuvent.com";
				INFOPLIST_FILE = HRMS/Info.plist;
				LD_RUNPATH_SEARCH_PATHS = (
					"$(inherited)",
					"@executable_path/Frameworks",
				);
				OTHER_LDFLAGS = (
					"$(inherited)",
					"-framework",
					Shared,
				);
				PRODUCT_BUNDLE_IDENTIFIER = com.vema.dev.cv365;
				SDKROOT = iphoneos;
				TARGETED_DEVICE_FAMILY = "1,2";
			};
			name = Debug;
		};
		923FCFB6EB37CD20965F88E5 /* Debug */ = {
			isa = XCBuildConfiguration;
			buildSettings = {
				ALWAYS_SEARCH_USER_PATHS = NO;
				CLANG_ANALYZER_NONNULL = YES;
				CLANG_ANALYZER_NUMBER_OBJECT_CONVERSION = YES_AGGRESSIVE;
				CLANG_CXX_LANGUAGE_STANDARD = "gnu++14";
				CLANG_CXX_LIBRARY = "libc++";
				CLANG_ENABLE_MODULES = YES;
				CLANG_ENABLE_OBJC_ARC = YES;
				CLANG_ENABLE_OBJC_WEAK = YES;
				CLANG_WARN_BLOCK_CAPTURE_AUTORELEASING = YES;
				CLANG_WARN_BOOL_CONVERSION = YES;
				CLANG_WARN_COMMA = YES;
				CLANG_WARN_CONSTANT_CONVERSION = YES;
				CLANG_WARN_DEPRECATED_OBJC_IMPLEMENTATIONS = YES;
				CLANG_WARN_DIRECT_OBJC_ISA_USAGE = YES_ERROR;
				CLANG_WARN_DOCUMENTATION_COMMENTS = YES;
				CLANG_WARN_EMPTY_BODY = YES;
				CLANG_WARN_ENUM_CONVERSION = YES;
				CLANG_WARN_INFINITE_RECURSION = YES;
				CLANG_WARN_INT_CONVERSION = YES;
				CLANG_WARN_NON_LITERAL_NULL_CONVERSION = YES;
				CLANG_WARN_OBJC_IMPLICIT_RETAIN_SELF = YES;
				CLANG_WARN_OBJC_LITERAL_CONVERSION = YES;
				CLANG_WARN_OBJC_ROOT_CLASS = YES_ERROR;
				CLANG_WARN_QUOTED_INCLUDE_IN_FRAMEWORK_HEADER = YES;
				CLANG_WARN_RANGE_LOOP_ANALYSIS = YES;
				CLANG_WARN_STRICT_PROTOTYPES = YES;
				CLANG_WARN_SUSPICIOUS_MOVE = YES;
				CLANG_WARN_UNGUARDED_AVAILABILITY = YES_AGGRESSIVE;
				CLANG_WARN_UNREACHABLE_CODE = YES;
				CLANG_WARN__DUPLICATE_METHOD_MATCH = YES;
				COPY_PHASE_STRIP = NO;
				DEBUG_INFORMATION_FORMAT = dwarf;
				DEVELOPMENT_TEAM = Z6RVDK7K4K;
				ENABLE_STRICT_OBJC_MSGSEND = YES;
				ENABLE_TESTABILITY = YES;
				ENABLE_USER_SCRIPT_SANDBOXING = NO;
				FRAMEWORK_SEARCH_PATHS = (
					"$(inherited)",
					"$(SRCROOT)/../shared/build/xcode-frameworks/$(CONFIGURATION)/$(SDK_NAME)",
				);
				GCC_C_LANGUAGE_STANDARD = gnu11;
				GCC_DYNAMIC_NO_PIC = NO;
				GCC_NO_COMMON_BLOCKS = YES;
				GCC_OPTIMIZATION_LEVEL = 0;
				GCC_PREPROCESSOR_DEFINITIONS = (
					"$(inherited)",
					"DEBUG=1",
				);
				GCC_WARN_64_TO_32_BIT_CONVERSION = YES;
				GCC_WARN_ABOUT_RETURN_TYPE = YES_ERROR;
				GCC_WARN_UNDECLARED_SELECTOR = YES;
				GCC_WARN_UNINITIALIZED_AUTOS = YES_AGGRESSIVE;
				GCC_WARN_UNUSED_FUNCTION = YES;
				GCC_WARN_UNUSED_VARIABLE = YES;
				IPHONEOS_DEPLOYMENT_TARGET = 17.0;
				MTL_ENABLE_DEBUG_INFO = INCLUDE_SOURCE;
				MTL_FAST_MATH = YES;
				ONLY_ACTIVE_ARCH = YES;
				PRODUCT_NAME = "$(TARGET_NAME)";
				SDKROOT = iphoneos;
				SWIFT_ACTIVE_COMPILATION_CONDITIONS = DEBUG;
				SWIFT_OPTIMIZATION_LEVEL = "-Onone";
				SWIFT_VERSION = 5.9;
			};
			name = Debug;
		};
		F925DCDB7944364B9EF19062 /* Release */ = {
			isa = XCBuildConfiguration;
			buildSettings = {
				ASSETCATALOG_COMPILER_APPICON_NAME = AppIcon;
				CODE_SIGN_IDENTITY = "iPhone Developer";
				CODE_SIGN_STYLE = Automatic;
				DEVELOPMENT_TEAM = Z6RVDK7K4K;
				HRMS_BASE_URL = "https://hrms.circuvent.com";
				INFOPLIST_FILE = HRMS/Info.plist;
				LD_RUNPATH_SEARCH_PATHS = (
					"$(inherited)",
					"@executable_path/Frameworks",
				);
				OTHER_LDFLAGS = (
					"$(inherited)",
					"-framework",
					Shared,
				);
				PRODUCT_BUNDLE_IDENTIFIER = com.vema.dev.cv365;
				SDKROOT = iphoneos;
				TARGETED_DEVICE_FAMILY = "1,2";
			};
			name = Release;
		};
/* End XCBuildConfiguration section */

/* Begin XCConfigurationList section */
		5B57B99B16A83E88C8028542 /* Build configuration list for PBXProject "HRMS" */ = {
			isa = XCConfigurationList;
			buildConfigurations = (
				923FCFB6EB37CD20965F88E5 /* Debug */,
				5ACB928CD5B3EC03F6105771 /* Release */,
			);
			defaultConfigurationIsVisible = 0;
			defaultConfigurationName = Debug;
		};
		F7B6FC8B2E61D616113DAF71 /* Build configuration list for PBXNativeTarget "HRMS" */ = {
			isa = XCConfigurationList;
			buildConfigurations = (
				5D6542C9CF833DD026C0D47E /* Debug */,
				F925DCDB7944364B9EF19062 /* Release */,
			);
			defaultConfigurationIsVisible = 0;
			defaultConfigurationName = Debug;
		};
/* End XCConfigurationList section */
	};
	rootObject = 7868CADFFE3CCAAADA5DAF8E /* Project object */;
}
